apscheduler==3.11.3 \
    --hash=sha256:bbeb2ec02d23d3c06a6c07ed7f0f3939ada6680eb121fae809a69bb42c537a30 \
    --hash=sha256:cd2fcc9330039a81a5893472ad49facf23a6d5604cbe1d918c835c6de7834d5a
maxminddb==2.8.2 \
    --hash=sha256:26a8e536228d8cc28c5b8f574a571a2704befce3b368ceca593a76d56b6590f9 \
    --hash=sha256:9a38f213e887c273ba14f563980f15b620bf600576d3ba530dd12416004dcd33
psutil==6.1.1 \
    --hash=sha256:97f7cb9921fbec4904f522d972f0c0e1f4fabbdd4e0287813b21215074a0f160 \
    --hash=sha256:cf8496728c18f2d0b45198f06895be52f36611711746b7f30c464b422b50e2f5
tzlocal==5.4.4 \
    --hash=sha256:8dbb8660838688a7b6ba4fed31d18dedf842afb4d47ca050d6d891c2c15f3be4 \
    --hash=sha256:aae09f0126a8a86fa736be266eb4a471380d26a0de3bc14844e7821fee3e2a15
